{
  "name": "30-react-projects",
  "lockfileVersion": 2,
  "requires": true,
  "packages": {
    "": {
      "dependencies": {
        "marked": "^5.0.0"
      }
    },
    "node_modules/marked": {
      "version": "5.0.0",
      "resolved": "https://registry.npmjs.org/marked/-/marked-5.0.0.tgz",
      "integrity": "sha512-YQ6+L9l/NSBDjFgCQQebmTCc62EUdZ5RpIZ7A/FmC8IYMB5s7Cz8sT7imuMAkbIL4CvXpQLdW45fpK5UwiU7DA==",
      "bin": {
        "marked": "bin/marked.js"
      },
      "engines": {
        "node": ">= 18"
      }
    }
  },
  "dependencies": {
    "marked": {
      "version": "5.0.0",
      "resolved": "https://registry.npmjs.org/marked/-/marked-5.0.0.tgz",
      "integrity": "sha512-YQ6+L9l/NSBDjFgCQQebmTCc62EUdZ5RpIZ7A/FmC8IYMB5s7Cz8sT7imuMAkbIL4CvXpQLdW45fpK5UwiU7DA=="
    }
  }
}
